
Microsoft Visual Studio Solution File, Format Version 12.00
# Visual Studio Version 17
VisualStudioVersion = 17.9.34622.214
MinimumVisualStudioVersion = 10.0.40219.1
Project("{FAE04EC0-301F-11D3-BF4B-00C04F79EFBC}") = "Infosys.DBFirstCore.DataAccessLayer", "Infosys.DBFirstCore.DataAccessLayer\Infosys.DBFirstCore.DataAccessLayer.csproj", "{6256083E-578F-4069-B01E-A5F6829FA91D}"
EndProject
Project("{FAE04EC0-301F-11D3-BF4B-00C04F79EFBC}") = "Infosys.QuickKartDBFirst.ConsoleApp", "Infosys.QuickKartDBFirst.ConsoleApp\Infosys.QuickKartDBFirst.ConsoleApp.csproj", "{0912456B-D28B-4A23-8FFD-E176DC1DA652}"
EndProject
Global
	GlobalSection(SolutionConfigurationPlatforms) = preSolution
		Debug|Any CPU = Debug|Any CPU
		Release|Any CPU = Release|Any CPU
	EndGlobalSection
	GlobalSection(ProjectConfigurationPlatforms) = postSolution
		{6256083E-578F-4069-B01E-A5F6829FA91D}.Debug|Any CPU.ActiveCfg = Debug|Any CPU
		{6256083E-578F-4069-B01E-A5F6829FA91D}.Debug|Any CPU.Build.0 = Debug|Any CPU
		{6256083E-578F-4069-B01E-A5F6829FA91D}.Release|Any CPU.ActiveCfg = Release|Any CPU
		{6256083E-578F-4069-B01E-A5F6829FA91D}.Release|Any CPU.Build.0 = Release|Any CPU
		{0912456B-D28B-4A23-8FFD-E176DC1DA652}.Debug|Any CPU.ActiveCfg = Debug|Any CPU
		{0912456B-D28B-4A23-8FFD-E176DC1DA652}.Debug|Any CPU.Build.0 = Debug|Any CPU
		{0912456B-D28B-4A23-8FFD-E176DC1DA652}.Release|Any CPU.ActiveCfg = Release|Any CPU
		{0912456B-D28B-4A23-8FFD-E176DC1DA652}.Release|Any CPU.Build.0 = Release|Any CPU
	EndGlobalSection
	GlobalSection(SolutionProperties) = preSolution
		HideSolutionNode = FALSE
	EndGlobalSection
	GlobalSection(ExtensibilityGlobals) = postSolution
		SolutionGuid = {20EF8E06-0B0E-43FD-83EE-AB2DAE465387}
	EndGlobalSection
EndGlobal
